
Microsoft Visual Studio Solution File, Format Version 12.00
# Visual Studio 15
VisualStudioVersion = 15.0.27703.2042
MinimumVisualStudioVersion = 10.0.40219.1
Project("{FAE04EC0-301F-11D3-BF4B-00C04F79EFBC}") = "ConsoleApp1", "ConsoleApp1\ConsoleApp1.csproj", "{349B70AB-DAB4-407B-BB77-53F45CF59F87}"
EndProject
Project("{FAE04EC0-301F-11D3-BF4B-00C04F79EFBC}") = "ConsoleApp1Tests", "ConsoleApp1Tests\ConsoleApp1Tests.csproj", "{0B58C941-CF6E-44EB-B189-23405E13BED2}"
EndProject
Global
	GlobalSection(SolutionConfigurationPlatforms) = preSolution
		Debug|Any CPU = Debug|Any CPU
		Release|Any CPU = Release|Any CPU
	EndGlobalSection
	GlobalSection(ProjectConfigurationPlatforms) = postSolution
		{349B70AB-DAB4-407B-BB77-53F45CF59F87}.Debug|Any CPU.ActiveCfg = Debug|Any CPU
		{349B70AB-DAB4-407B-BB77-53F45CF59F87}.Debug|Any CPU.Build.0 = Debug|Any CPU
		{349B70AB-DAB4-407B-BB77-53F45CF59F87}.Release|Any CPU.ActiveCfg = Release|Any CPU
		{349B70AB-DAB4-407B-BB77-53F45CF59F87}.Release|Any CPU.Build.0 = Release|Any CPU
		{0B58C941-CF6E-44EB-B189-23405E13BED2}.Debug|Any CPU.ActiveCfg = Debug|Any CPU
		{0B58C941-CF6E-44EB-B189-23405E13BED2}.Debug|Any CPU.Build.0 = Debug|Any CPU
		{0B58C941-CF6E-44EB-B189-23405E13BED2}.Release|Any CPU.ActiveCfg = Release|Any CPU
		{0B58C941-CF6E-44EB-B189-23405E13BED2}.Release|Any CPU.Build.0 = Release|Any CPU
	EndGlobalSection
	GlobalSection(SolutionProperties) = preSolution
		HideSolutionNode = FALSE
	EndGlobalSection
	GlobalSection(ExtensibilityGlobals) = postSolution
		SolutionGuid = {6D2E324E-5CA1-4FB9-87BB-CC75208B1EA0}
	EndGlobalSection
EndGlobal
